{
  "version": 4,
  "terraform_version": "0.14.8",
  "serial": 546,
  "lineage": "ba99169f-3b7d-a7da-9805-204fb0c97aee",
  "outputs": {},
  "resources": [
    {
      "mode": "managed",
      "type": "aws_vpc",
      "name": "vpc_spoke",
      "provider": "provider[\"registry.terraform.io/hashicorp/aws\"]",
      "instances": [
        {
          "schema_version": 1,
          "attributes": {
            "arn": "arn:aws:ec2:ap-east-1:438588710834:vpc/vpc-0bd9764c9b4fb3b6a",
            "assign_generated_ipv6_cidr_block": false,
            "cidr_block": "10.255.0.0/16",
            "default_network_acl_id": "acl-0525555dd07baf64a",
            "default_route_table_id": "rtb-05bc9c33c471d81f8",
            "default_security_group_id": "sg-0693c784f92e23c9e",
            "dhcp_options_id": "dopt-cfd035a6",
            "enable_classiclink": null,
            "enable_classiclink_dns_support": null,
            "enable_dns_hostnames": true,
            "enable_dns_support": true,
            "id": "vpc-0bd9764c9b4fb3b6a",
            "instance_tenancy": "default",
            "ipv6_association_id": "",
            "ipv6_cidr_block": "",
            "main_route_table_id": "rtb-05bc9c33c471d81f8",
            "owner_id": "438588710834",
            "tags": {
              "Name": "FWD5 Spoke VPC"
            },
            "tags_all": {
              "Name": "FWD5 Spoke VPC"
            }
          },
          "sensitive_attributes": []
        }
      ]
    }
  ]
}
